// !$*UTF8*$!
{
	archiveVersion = 1;
	classes = {
	};
	objectVersion = 46;
	objects = {

/* Begin PBXBuildFile section */
		C929EF601BCF88B0008095E3 /* main.cpp in Sources */ = {isa = PBXBuildFile; fileRef = C929EF5F1BCF88B0008095E3 /* main.cpp */; };
		C929EF671BCF88CD008095E3 /* GLUT.framework in Frameworks */ = {isa = PBXBuildFile; fileRef = C929EF661BCF88CC008095E3 /* GLUT.framework */; };
		C929EF691BCF88D2008095E3 /* OpenGL.framework in Frameworks */ = {isa = PBXBuildFile; fileRef = C929EF681BCF88D2008095E3 /* OpenGL.framework */; };
		C929EF6C1BCF8906008095E3 /* terrarium.cpp in Sources */ = {isa = PBXBuildFile; fileRef = C929EF6B1BCF8906008095E3 /* terrarium.cpp */; settings = {ASSET_TAGS = (); }; };
/* End PBXBuildFile section */

/* Begin PBXCopyFilesBuildPhase section */
		C929EF5A1BCF88B0008095E3 /* CopyFiles */ = {
			isa = PBXCopyFilesBuildPhase;
			buildActionMask = 2147483647;
			dstPath = /usr/share/man/man1/;
			dstSubfolderSpec = 0;
			files = (
			);
			runOnlyForDeploymentPostprocessing = 1;
		};
/* End PBXCopyFilesBuildPhase section */

/* Begin PBXFileReference section */
		C929EF5C1BCF88B0008095E3 /* Birds */ = {isa = PBXFileReference; explicitFileType = "compiled.mach-o.executable"; includeInIndex = 0; path = Birds; sourceTree = BUILT_PRODUCTS_DIR; };
		C929EF5F1BCF88B0008095E3 /* main.cpp */ = {isa = PBXFileReference; lastKnownFileType = sourcecode.cpp.cpp; path = main.cpp; sourceTree = "<group>"; };
		C929EF661BCF88CC008095E3 /* GLUT.framework */ = {isa = PBXFileReference; lastKnownFileType = wrapper.framework; name = GLUT.framework; path = System/Library/Frameworks/GLUT.framework; sourceTree = SDKROOT; };
		C929EF681BCF88D2008095E3 /* OpenGL.framework */ = {isa = PBXFileReference; lastKnownFileType = wrapper.framework; name = OpenGL.framework; path = System/Library/Frameworks/OpenGL.framework; sourceTree = SDKROOT; };
		C929EF6A1BCF88E1008095E3 /* terrarium.h */ = {isa = PBXFileReference; lastKnownFileType = sourcecode.c.h; path = terrarium.h; sourceTree = "<group>"; };
		C929EF6B1BCF8906008095E3 /* terrarium.cpp */ = {isa = PBXFileReference; fileEncoding = 4; lastKnownFileType = sourcecode.cpp.cpp; path = terrarium.cpp; sourceTree = "<group>"; };
		C929EF6E1BCF892F008095E3 /* bird.h */ = {isa = PBXFileReference; lastKnownFileType = sourcecode.c.h; path = bird.h; sourceTree = "<group>"; };
		C929EF6F1BCF8944008095E3 /* flock.h */ = {isa = PBXFileReference; lastKnownFileType = sourcecode.c.h; path = flock.h; sourceTree = "<group>"; };
		C929EF701BCF895C008095E3 /* grid.h */ = {isa = PBXFileReference; lastKnownFileType = sourcecode.c.h; path = grid.h; sourceTree = "<group>"; };
		C929EF711BCF9F86008095E3 /* cell.h */ = {isa = PBXFileReference; lastKnownFileType = sourcecode.c.h; path = cell.h; sourceTree = "<group>"; };
		C929EF721BCFB78B008095E3 /* v3.h */ = {isa = PBXFileReference; lastKnownFileType = sourcecode.c.h; path = v3.h; sourceTree = "<group>"; };
/* End PBXFileReference section */

/* Begin PBXFrameworksBuildPhase section */
		C929EF591BCF88B0008095E3 /* Frameworks */ = {
			isa = PBXFrameworksBuildPhase;
			buildActionMask = 2147483647;
			files = (
				C929EF691BCF88D2008095E3 /* OpenGL.framework in Frameworks */,
				C929EF671BCF88CD008095E3 /* GLUT.framework in Frameworks */,
			);
			runOnlyForDeploymentPostprocessing = 0;
		};
/* End PBXFrameworksBuildPhase section */

/* Begin PBXGroup section */
		C929EF531BCF88B0008095E3 = {
			isa = PBXGroup;
			children = (
				C929EF681BCF88D2008095E3 /* OpenGL.framework */,
				C929EF661BCF88CC008095E3 /* GLUT.framework */,
				C929EF5E1BCF88B0008095E3 /* Birds */,
				C929EF5D1BCF88B0008095E3 /* Products */,
			);
			sourceTree = "<group>";
		};
		C929EF5D1BCF88B0008095E3 /* Products */ = {
			isa = PBXGroup;
			children = (
				C929EF5C1BCF88B0008095E3 /* Birds */,
			);
			name = Products;
			sourceTree = "<group>";
		};
		C929EF5E1BCF88B0008095E3 /* Birds */ = {
			isa = PBXGroup;
			children = (
				C929EF5F1BCF88B0008095E3 /* main.cpp */,
				C929EF6A1BCF88E1008095E3 /* terrarium.h */,
				C929EF6B1BCF8906008095E3 /* terrarium.cpp */,
				C929EF6E1BCF892F008095E3 /* bird.h */,
				C929EF6F1BCF8944008095E3 /* flock.h */,
				C929EF701BCF895C008095E3 /* grid.h */,
				C929EF711BCF9F86008095E3 /* cell.h */,
				C929EF721BCFB78B008095E3 /* v3.h */,
			);
			path = Birds;
			sourceTree = "<group>";
		};
/* End PBXGroup section */

/* Begin PBXNativeTarget section */
		C929EF5B1BCF88B0008095E3 /* Birds */ = {
			isa = PBXNativeTarget;
			buildConfigurationList = C929EF631BCF88B0008095E3 /* Build configuration list for PBXNativeTarget "Birds" */;
			buildPhases = (
				C929EF581BCF88B0008095E3 /* Sources */,
				C929EF591BCF88B0008095E3 /* Frameworks */,
				C929EF5A1BCF88B0008095E3 /* CopyFiles */,
			);
			buildRules = (
			);
			dependencies = (
			);
			name = Birds;
			productName = Birds;
			productReference = C929EF5C1BCF88B0008095E3 /* Birds */;
			productType = "com.apple.product-type.tool";
		};
/* End PBXNativeTarget section */

/* Begin PBXProject section */
		C929EF541BCF88B0008095E3 /* Project object */ = {
			isa = PBXProject;
			attributes = {
				LastUpgradeCheck = 0700;
				ORGANIZATIONNAME = "Matthew Dillard";
				TargetAttributes = {
					C929EF5B1BCF88B0008095E3 = {
						CreatedOnToolsVersion = 7.0.1;
					};
				};
			};
			buildConfigurationList = C929EF571BCF88B0008095E3 /* Build configuration list for PBXProject "Birds" */;
			compatibilityVersion = "Xcode 3.2";
			developmentRegion = English;
			hasScannedForEncodings = 0;
			knownRegions = (
				en,
			);
			mainGroup = C929EF531BCF88B0008095E3;
			productRefGroup = C929EF5D1BCF88B0008095E3 /* Products */;
			projectDirPath = "";
			projectRoot = "";
			targets = (
				C929EF5B1BCF88B0008095E3 /* Birds */,
			);
		};
/* End PBXProject section */

/* Begin PBXSourcesBuildPhase section */
		C929EF581BCF88B0008095E3 /* Sources */ = {
			isa = PBXSourcesBuildPhase;
			buildActionMask = 2147483647;
			files = (
				C929EF601BCF88B0008095E3 /* main.cpp in Sources */,
				C929EF6C1BCF8906008095E3 /* terrarium.cpp in Sources */,
			);
			runOnlyForDeploymentPostprocessing = 0;
		};
/* End PBXSourcesBuildPhase section */

/* Begin XCBuildConfiguration section */
		C929EF611BCF88B0008095E3 /* Debug */ = {
			isa = XCBuildConfiguration;
			buildSettings = {
				ALWAYS_SEARCH_USER_PATHS = NO;
				CLANG_CXX_LANGUAGE_STANDARD = "gnu++0x";
				CLANG_CXX_LIBRARY = "libc++";
				CLANG_ENABLE_MODULES = YES;
				CLANG_ENABLE_OBJC_ARC = YES;
				CLANG_WARN_BOOL_CONVERSION = YES;
				CLANG_WARN_CONSTANT_CONVERSION = YES;
				CLANG_WARN_DIRECT_OBJC_ISA_USAGE = YES_ERROR;
				CLANG_WARN_EMPTY_BODY = YES;
				CLANG_WARN_ENUM_CONVERSION = YES;
				CLANG_WARN_INT_CONVERSION = YES;
				CLANG_WARN_OBJC_ROOT_CLASS = YES_ERROR;
				CLANG_WARN_UNREACHABLE_CODE = YES;
				CLANG_WARN__DUPLICATE_METHOD_MATCH = YES;
				COPY_PHASE_STRIP = NO;
				DEBUG_INFORMATION_FORMAT = dwarf;
				ENABLE_STRICT_OBJC_MSGSEND = YES;
				ENABLE_TESTABILITY = YES;
				GCC_C_LANGUAGE_STANDARD = gnu99;
				GCC_DYNAMIC_NO_PIC = NO;
				GCC_NO_COMMON_BLOCKS = YES;
				GCC_OPTIMIZATION_LEVEL = 0;
				GCC_PREPROCESSOR_DEFINITIONS = (
					"DEBUG=1",
					"$(inherited)",
				);
				GCC_WARN_64_TO_32_BIT_CONVERSION = YES;
				GCC_WARN_ABOUT_RETURN_TYPE = YES_ERROR;
				GCC_WARN_UNDECLARED_SELECTOR = YES;
				GCC_WARN_UNINITIALIZED_AUTOS = YES_AGGRESSIVE;
				GCC_WARN_UNUSED_FUNCTION = YES;
				GCC_WARN_UNUSED_VARIABLE = YES;
				MACOSX_DEPLOYMENT_TARGET = 10.11;
				MTL_ENABLE_DEBUG_INFO = YES;
				ONLY_ACTIVE_ARCH = YES;
				SDKROOT = macosx;
			};
			name = Debug;
		};
		C929EF621BCF88B0008095E3 /* Release */ = {
			isa = XCBuildConfiguration;
			buildSettings = {
				ALWAYS_SEARCH_USER_PATHS = NO;
				CLANG_CXX_LANGUAGE_STANDARD = "gnu++0x";
				CLANG_CXX_LIBRARY = "libc++";
				CLANG_ENABLE_MODULES = YES;
				CLANG_ENABLE_OBJC_ARC = YES;
				CLANG_WARN_BOOL_CONVERSION = YES;
				CLANG_WARN_CONSTANT_CONVERSION = YES;
				CLANG_WARN_DIRECT_OBJC_ISA_USAGE = YES_ERROR;
				CLANG_WARN_EMPTY_BODY = YES;
				CLANG_WARN_ENUM_CONVERSION = YES;
				CLANG_WARN_INT_CONVERSION = YES;
				CLANG_WARN_OBJC_ROOT_CLASS = YES_ERROR;
				CLANG_WARN_UNREACHABLE_CODE = YES;
				CLANG_WARN__DUPLICATE_METHOD_MATCH = YES;
				COPY_PHASE_STRIP = NO;
				DEBUG_INFORMATION_FORMAT = "dwarf-with-dsym";
				ENABLE_NS_ASSERTIONS = NO;
				ENABLE_STRICT_OBJC_MSGSEND = YES;
				GCC_C_LANGUAGE_STANDARD = gnu99;
				GCC_NO_COMMON_BLOCKS = YES;
				GCC_WARN_64_TO_32_BIT_CONVERSION = YES;
				GCC_WARN_ABOUT_RETURN_TYPE = YES_ERROR;
				GCC_WARN_UNDECLARED_SELECTOR = YES;
				GCC_WARN_UNINITIALIZED_AUTOS = YES_AGGRESSIVE;
				GCC_WARN_UNUSED_FUNCTION = YES;
				GCC_WARN_UNUSED_VARIABLE = YES;
				MACOSX_DEPLOYMENT_TARGET = 10.11;
				MTL_ENABLE_DEBUG_INFO = NO;
				SDKROOT = macosx;
			};
			name = Release;
		};
		C929EF641BCF88B0008095E3 /* Debug */ = {
			isa = XCBuildConfiguration;
			buildSettings = {
				PRODUCT_NAME = "$(TARGET_NAME)";
			};
			name = Debug;
		};
		C929EF651BCF88B0008095E3 /* Release */ = {
			isa = XCBuildConfiguration;
			buildSettings = {
				PRODUCT_NAME = "$(TARGET_NAME)";
			};
			name = Release;
		};
/* End XCBuildConfiguration section */

/* Begin XCConfigurationList section */
		C929EF571BCF88B0008095E3 /* Build configuration list for PBXProject "Birds" */ = {
			isa = XCConfigurationList;
			buildConfigurations = (
				C929EF611BCF88B0008095E3 /* Debug */,
				C929EF621BCF88B0008095E3 /* Release */,
			);
			defaultConfigurationIsVisible = 0;
			defaultConfigurationName = Release;
		};
		C929EF631BCF88B0008095E3 /* Build configuration list for PBXNativeTarget "Birds" */ = {
			isa = XCConfigurationList;
			buildConfigurations = (
				C929EF641BCF88B0008095E3 /* Debug */,
				C929EF651BCF88B0008095E3 /* Release */,
			);
			defaultConfigurationIsVisible = 0;
		};
/* End XCConfigurationList section */
	};
	rootObject = C929EF541BCF88B0008095E3 /* Project object */;
}
